schema: '2.0'
stages:
  data_ingestion:
    cmd: python src/data/data_ingestion.py
    deps:
    - path: src/data/data_ingestion.py
      hash: md5
      md5: 737bcc3074a62fd204593cb8bb60a6c1
      size: 3527
    params:
      params.yaml:
        data_ingestion.test_size: 0.2
    outs:
    - path: data/raw
      hash: md5
      md5: b7ac4496734ff387aca131728f63e9a1.dir
      size: 900635
      nfiles: 2
  data_preprocessing:
    cmd: python src/data/data_preprocessing.py
    deps:
    - path: data/raw
      hash: md5
      md5: b7ac4496734ff387aca131728f63e9a1.dir
      size: 900635
      nfiles: 2
    - path: src/data/data_preprocessing.py
      hash: md5
      md5: 5695ab0c04484b91663953c1c6ae8474
      size: 3993
    outs:
    - path: data/processed
      hash: md5
      md5: 986231529b056e92ce9d59282c843488.dir
      size: 638872
      nfiles: 2
  feature_engineering:
    cmd: python src/features/feature_engineering.py
    deps:
    - path: data/processed
      hash: md5
      md5: 986231529b056e92ce9d59282c843488.dir
      size: 638872
      nfiles: 2
    - path: src/features/feature_engineering.py
      hash: md5
      md5: d28cad0c6c6d74421f7afc1b694fcf51
      size: 3756
    params:
      params.yaml:
        feature_engineering.max_features: 100
    outs:
    - path: data/features
      hash: md5
      md5: 212d3a13b23a42dc3ffe598eb01f2577.dir
      size: 2179178
      nfiles: 2
  model_building:
    cmd: python src/model/model_building.py
    deps:
    - path: data/features
      hash: md5
      md5: 212d3a13b23a42dc3ffe598eb01f2577.dir
      size: 2179178
      nfiles: 2
    - path: src/model/model_building.py
      hash: md5
      md5: 69c371fffbbdfa5ad995b59057e10305
      size: 3060
    params:
      params.yaml:
        model_building.learning_rate: 0.1
        model_building.n_estimators: 10
    outs:
    - path: models/model.pkl
      hash: md5
      md5: bbd0151d62f85a60b34d008a64c484ce
      size: 20318
  model_evaluation:
    cmd: python src/model/model_evaluation.py
    deps:
    - path: models/model.pkl
      hash: md5
      md5: bbd0151d62f85a60b34d008a64c484ce
      size: 20318
    - path: src/model/model_evaluation.py
      hash: md5
      md5: 58a78214c10509070ed0e8e8ea52fe3d
      size: 3463
    outs:
    - path: reports/metrics.json
      hash: md5
      md5: 43ac58d4b3128ef8784571d759f3e924
      size: 145
